// !$*UTF8*$!
{
	archiveVersion = 1;
	classes = {
	};
	objectVersion = 46;
	objects = {

/* Begin PBXBuildFile section */
		790F90E91CE46AED006A12CB /* SiSTeacherSelectionViewController.m in Sources */ = {isa = PBXBuildFile; fileRef = 790F90E81CE46AED006A12CB /* SiSTeacherSelectionViewController.m */; };
		790F90ED1CE472CF006A12CB /* SiSTeacherViewController.m in Sources */ = {isa = PBXBuildFile; fileRef = 790F90EC1CE472CF006A12CB /* SiSTeacherViewController.m */; };
		791C7ED71CEDB14A00E538CE /* TEST.m in Sources */ = {isa = PBXBuildFile; fileRef = 791C7ED61CEDB14A00E538CE /* TEST.m */; };
		7921035F1CDE462100D12402 /* Report Card-30.png in Resources */ = {isa = PBXBuildFile; fileRef = 7921035B1CDE462100D12402 /* Report Card-30.png */; };
		792103601CDE462100D12402 /* School Director-30.png in Resources */ = {isa = PBXBuildFile; fileRef = 7921035C1CDE462100D12402 /* School Director-30.png */; };
		792103611CDE462100D12402 /* Student Male-30.png in Resources */ = {isa = PBXBuildFile; fileRef = 7921035D1CDE462100D12402 /* Student Male-30.png */; };
		792103621CDE462100D12402 /* Training-30.png in Resources */ = {isa = PBXBuildFile; fileRef = 7921035E1CDE462100D12402 /* Training-30.png */; };
		79211EE61CE1CB190064CAC8 /* SiSAddCourseViewController.m in Sources */ = {isa = PBXBuildFile; fileRef = 79211EE51CE1CB190064CAC8 /* SiSAddCourseViewController.m */; };
		79211EE91CE1D2C40064CAC8 /* SiSDetailsTableViewController.m in Sources */ = {isa = PBXBuildFile; fileRef = 79211EE81CE1D2C40064CAC8 /* SiSDetailsTableViewController.m */; };
		7922145F1CDD06A30051FFA9 /* SiSAddStudentViewController.m in Sources */ = {isa = PBXBuildFile; fileRef = 7922145E1CDD06A30051FFA9 /* SiSAddStudentViewController.m */; };
		7924988A1CE320E300979B6C /* SiSStudentSelectionViewController.m in Sources */ = {isa = PBXBuildFile; fileRef = 792498891CE320E300979B6C /* SiSStudentSelectionViewController.m */; };
		7938A0231CE4A2CC00674178 /* SiSCourse+CoreDataProperties.m in Sources */ = {isa = PBXBuildFile; fileRef = 7938A01E1CE4A2CC00674178 /* SiSCourse+CoreDataProperties.m */; };
		7938A0241CE4A2CC00674178 /* SiSStudent+CoreDataProperties.m in Sources */ = {isa = PBXBuildFile; fileRef = 7938A0201CE4A2CC00674178 /* SiSStudent+CoreDataProperties.m */; };
		7938A0251CE4A2CC00674178 /* SiSTeacher+CoreDataProperties.m in Sources */ = {isa = PBXBuildFile; fileRef = 7938A0221CE4A2CC00674178 /* SiSTeacher+CoreDataProperties.m */; };
		7938A0281CE4A2E700674178 /* SiSObject+CoreDataProperties.m in Sources */ = {isa = PBXBuildFile; fileRef = 7938A0271CE4A2E700674178 /* SiSObject+CoreDataProperties.m */; };
		797756041CDE000E00016926 /* SiSCoursesViewController.m in Sources */ = {isa = PBXBuildFile; fileRef = 797756031CDE000E00016926 /* SiSCoursesViewController.m */; };
		79DEBEB91CDB383F00D5BE15 /* main.m in Sources */ = {isa = PBXBuildFile; fileRef = 79DEBEB81CDB383F00D5BE15 /* main.m */; };
		79DEBEBC1CDB383F00D5BE15 /* AppDelegate.m in Sources */ = {isa = PBXBuildFile; fileRef = 79DEBEBB1CDB383F00D5BE15 /* AppDelegate.m */; };
		79DEBEC21CDB383F00D5BE15 /* Main.storyboard in Resources */ = {isa = PBXBuildFile; fileRef = 79DEBEC01CDB383F00D5BE15 /* Main.storyboard */; };
		79DEBEC51CDB383F00D5BE15 /* _1_CoreData_DZ_.xcdatamodeld in Sources */ = {isa = PBXBuildFile; fileRef = 79DEBEC31CDB383F00D5BE15 /* _1_CoreData_DZ_.xcdatamodeld */; };
		79DEBEC71CDB383F00D5BE15 /* Assets.xcassets in Resources */ = {isa = PBXBuildFile; fileRef = 79DEBEC61CDB383F00D5BE15 /* Assets.xcassets */; };
		79DEBECA1CDB383F00D5BE15 /* LaunchScreen.storyboard in Resources */ = {isa = PBXBuildFile; fileRef = 79DEBEC81CDB383F00D5BE15 /* LaunchScreen.storyboard */; };
		79DEBED51CDB383F00D5BE15 /* _1_CoreData_DZ_Tests.m in Sources */ = {isa = PBXBuildFile; fileRef = 79DEBED41CDB383F00D5BE15 /* _1_CoreData_DZ_Tests.m */; };
		79DEBEE01CDB383F00D5BE15 /* _1_CoreData_DZ_UITests.m in Sources */ = {isa = PBXBuildFile; fileRef = 79DEBEDF1CDB383F00D5BE15 /* _1_CoreData_DZ_UITests.m */; };
		79DEBEF21CDB3BAE00D5BE15 /* SiSStudent.m in Sources */ = {isa = PBXBuildFile; fileRef = 79DEBEF01CDB3BAE00D5BE15 /* SiSStudent.m */; };
		79DEBEF61CDB3C5800D5BE15 /* SiSDataManager.m in Sources */ = {isa = PBXBuildFile; fileRef = 79DEBEF51CDB3C5800D5BE15 /* SiSDataManager.m */; };
		79DEBEF91CDB418900D5BE15 /* SiSCoreDataViewController.m in Sources */ = {isa = PBXBuildFile; fileRef = 79DEBEF81CDB418900D5BE15 /* SiSCoreDataViewController.m */; };
		79DEBEFC1CDB4CCB00D5BE15 /* SiSStudentsViewController.m in Sources */ = {isa = PBXBuildFile; fileRef = 79DEBEFB1CDB4CCB00D5BE15 /* SiSStudentsViewController.m */; };
		79F01CA61CDDE3D3008AAF2E /* SiSTeacher.m in Sources */ = {isa = PBXBuildFile; fileRef = 79F01CA01CDDE3D3008AAF2E /* SiSTeacher.m */; };
		79F01CA81CDDE3D3008AAF2E /* SiSCourse.m in Sources */ = {isa = PBXBuildFile; fileRef = 79F01CA41CDDE3D3008AAF2E /* SiSCourse.m */; };
		79F01CAE1CDDE431008AAF2E /* SiSObject.m in Sources */ = {isa = PBXBuildFile; fileRef = 79F01CAC1CDDE431008AAF2E /* SiSObject.m */; };
/* End PBXBuildFile section */

/* Begin PBXContainerItemProxy section */
		79DEBED11CDB383F00D5BE15 /* PBXContainerItemProxy */ = {
			isa = PBXContainerItemProxy;
			containerPortal = 79DEBEAC1CDB383F00D5BE15 /* Project object */;
			proxyType = 1;
			remoteGlobalIDString = 79DEBEB31CDB383F00D5BE15;
			remoteInfo = 41_CoreData_DZ_;
		};
		79DEBEDC1CDB383F00D5BE15 /* PBXContainerItemProxy */ = {
			isa = PBXContainerItemProxy;
			containerPortal = 79DEBEAC1CDB383F00D5BE15 /* Project object */;
			proxyType = 1;
			remoteGlobalIDString = 79DEBEB31CDB383F00D5BE15;
			remoteInfo = 41_CoreData_DZ_;
		};
/* End PBXContainerItemProxy section */

/* Begin PBXFileReference section */
		790F90E71CE46AED006A12CB /* SiSTeacherSelectionViewController.h */ = {isa = PBXFileReference; fileEncoding = 4; lastKnownFileType = sourcecode.c.h; path = SiSTeacherSelectionViewController.h; sourceTree = "<group>"; };
		790F90E81CE46AED006A12CB /* SiSTeacherSelectionViewController.m */ = {isa = PBXFileReference; fileEncoding = 4; lastKnownFileType = sourcecode.c.objc; path = SiSTeacherSelectionViewController.m; sourceTree = "<group>"; };
		790F90EB1CE472CF006A12CB /* SiSTeacherViewController.h */ = {isa = PBXFileReference; fileEncoding = 4; lastKnownFileType = sourcecode.c.h; path = SiSTeacherViewController.h; sourceTree = "<group>"; };
		790F90EC1CE472CF006A12CB /* SiSTeacherViewController.m */ = {isa = PBXFileReference; fileEncoding = 4; lastKnownFileType = sourcecode.c.objc; path = SiSTeacherViewController.m; sourceTree = "<group>"; };
		791C7ED51CEDB14A00E538CE /* TEST.h */ = {isa = PBXFileReference; fileEncoding = 4; lastKnownFileType = sourcecode.c.h; path = TEST.h; sourceTree = "<group>"; };
		791C7ED61CEDB14A00E538CE /* TEST.m */ = {isa = PBXFileReference; fileEncoding = 4; lastKnownFileType = sourcecode.c.objc; path = TEST.m; sourceTree = "<group>"; };
		7921035B1CDE462100D12402 /* Report Card-30.png */ = {isa = PBXFileReference; lastKnownFileType = image.png; path = "Report Card-30.png"; sourceTree = "<group>"; };
		7921035C1CDE462100D12402 /* School Director-30.png */ = {isa = PBXFileReference; lastKnownFileType = image.png; path = "School Director-30.png"; sourceTree = "<group>"; };
		7921035D1CDE462100D12402 /* Student Male-30.png */ = {isa = PBXFileReference; lastKnownFileType = image.png; path = "Student Male-30.png"; sourceTree = "<group>"; };
		7921035E1CDE462100D12402 /* Training-30.png */ = {isa = PBXFileReference; lastKnownFileType = image.png; path = "Training-30.png"; sourceTree = "<group>"; };
		79211EE41CE1CB190064CAC8 /* SiSAddCourseViewController.h */ = {isa = PBXFileReference; fileEncoding = 4; lastKnownFileType = sourcecode.c.h; path = SiSAddCourseViewController.h; sourceTree = "<group>"; };
		79211EE51CE1CB190064CAC8 /* SiSAddCourseViewController.m */ = {isa = PBXFileReference; fileEncoding = 4; lastKnownFileType = sourcecode.c.objc; path = SiSAddCourseViewController.m; sourceTree = "<group>"; };
		79211EE71CE1D2C40064CAC8 /* SiSDetailsTableViewController.h */ = {isa = PBXFileReference; fileEncoding = 4; lastKnownFileType = sourcecode.c.h; path = SiSDetailsTableViewController.h; sourceTree = "<group>"; };
		79211EE81CE1D2C40064CAC8 /* SiSDetailsTableViewController.m */ = {isa = PBXFileReference; fileEncoding = 4; lastKnownFileType = sourcecode.c.objc; path = SiSDetailsTableViewController.m; sourceTree = "<group>"; };
		7922145D1CDD06A30051FFA9 /* SiSAddStudentViewController.h */ = {isa = PBXFileReference; fileEncoding = 4; lastKnownFileType = sourcecode.c.h; path = SiSAddStudentViewController.h; sourceTree = "<group>"; };
		7922145E1CDD06A30051FFA9 /* SiSAddStudentViewController.m */ = {isa = PBXFileReference; fileEncoding = 4; lastKnownFileType = sourcecode.c.objc; path = SiSAddStudentViewController.m; sourceTree = "<group>"; };
		792498881CE320E300979B6C /* SiSStudentSelectionViewController.h */ = {isa = PBXFileReference; fileEncoding = 4; lastKnownFileType = sourcecode.c.h; path = SiSStudentSelectionViewController.h; sourceTree = "<group>"; };
		792498891CE320E300979B6C /* SiSStudentSelectionViewController.m */ = {isa = PBXFileReference; fileEncoding = 4; lastKnownFileType = sourcecode.c.objc; path = SiSStudentSelectionViewController.m; sourceTree = "<group>"; };
		7938A01D1CE4A2CC00674178 /* SiSCourse+CoreDataProperties.h */ = {isa = PBXFileReference; fileEncoding = 4; lastKnownFileType = sourcecode.c.h; path = "SiSCourse+CoreDataProperties.h"; sourceTree = "<group>"; };
		7938A01E1CE4A2CC00674178 /* SiSCourse+CoreDataProperties.m */ = {isa = PBXFileReference; fileEncoding = 4; lastKnownFileType = sourcecode.c.objc; path = "SiSCourse+CoreDataProperties.m"; sourceTree = "<group>"; };
		7938A01F1CE4A2CC00674178 /* SiSStudent+CoreDataProperties.h */ = {isa = PBXFileReference; fileEncoding = 4; lastKnownFileType = sourcecode.c.h; path = "SiSStudent+CoreDataProperties.h"; sourceTree = "<group>"; };
		7938A0201CE4A2CC00674178 /* SiSStudent+CoreDataProperties.m */ = {isa = PBXFileReference; fileEncoding = 4; lastKnownFileType = sourcecode.c.objc; path = "SiSStudent+CoreDataProperties.m"; sourceTree = "<group>"; };
		7938A0211CE4A2CC00674178 /* SiSTeacher+CoreDataProperties.h */ = {isa = PBXFileReference; fileEncoding = 4; lastKnownFileType = sourcecode.c.h; path = "SiSTeacher+CoreDataProperties.h"; sourceTree = "<group>"; };
		7938A0221CE4A2CC00674178 /* SiSTeacher+CoreDataProperties.m */ = {isa = PBXFileReference; fileEncoding = 4; lastKnownFileType = sourcecode.c.objc; path = "SiSTeacher+CoreDataProperties.m"; sourceTree = "<group>"; };
		7938A0261CE4A2E700674178 /* SiSObject+CoreDataProperties.h */ = {isa = PBXFileReference; fileEncoding = 4; lastKnownFileType = sourcecode.c.h; path = "SiSObject+CoreDataProperties.h"; sourceTree = "<group>"; };
		7938A0271CE4A2E700674178 /* SiSObject+CoreDataProperties.m */ = {isa = PBXFileReference; fileEncoding = 4; lastKnownFileType = sourcecode.c.objc; path = "SiSObject+CoreDataProperties.m"; sourceTree = "<group>"; };
		797756021CDE000E00016926 /* SiSCoursesViewController.h */ = {isa = PBXFileReference; fileEncoding = 4; lastKnownFileType = sourcecode.c.h; path = SiSCoursesViewController.h; sourceTree = "<group>"; };
		797756031CDE000E00016926 /* SiSCoursesViewController.m */ = {isa = PBXFileReference; fileEncoding = 4; lastKnownFileType = sourcecode.c.objc; path = SiSCoursesViewController.m; sourceTree = "<group>"; };
		79DEBEB41CDB383F00D5BE15 /* 41_CoreData_DZ_.app */ = {isa = PBXFileReference; explicitFileType = wrapper.application; includeInIndex = 0; path = 41_CoreData_DZ_.app; sourceTree = BUILT_PRODUCTS_DIR; };
		79DEBEB81CDB383F00D5BE15 /* main.m */ = {isa = PBXFileReference; lastKnownFileType = sourcecode.c.objc; path = main.m; sourceTree = "<group>"; };
		79DEBEBA1CDB383F00D5BE15 /* AppDelegate.h */ = {isa = PBXFileReference; lastKnownFileType = sourcecode.c.h; path = AppDelegate.h; sourceTree = "<group>"; };
		79DEBEBB1CDB383F00D5BE15 /* AppDelegate.m */ = {isa = PBXFileReference; lastKnownFileType = sourcecode.c.objc; path = AppDelegate.m; sourceTree = "<group>"; };
		79DEBEC11CDB383F00D5BE15 /* Base */ = {isa = PBXFileReference; lastKnownFileType = file.storyboard; name = Base; path = Base.lproj/Main.storyboard; sourceTree = "<group>"; };
		79DEBEC41CDB383F00D5BE15 /* _1_CoreData_DZ_.xcdatamodel */ = {isa = PBXFileReference; lastKnownFileType = wrapper.xcdatamodel; path = _1_CoreData_DZ_.xcdatamodel; sourceTree = "<group>"; };
		79DEBEC61CDB383F00D5BE15 /* Assets.xcassets */ = {isa = PBXFileReference; lastKnownFileType = folder.assetcatalog; path = Assets.xcassets; sourceTree = "<group>"; };
		79DEBEC91CDB383F00D5BE15 /* Base */ = {isa = PBXFileReference; lastKnownFileType = file.storyboard; name = Base; path = Base.lproj/LaunchScreen.storyboard; sourceTree = "<group>"; };
		79DEBECB1CDB383F00D5BE15 /* Info.plist */ = {isa = PBXFileReference; lastKnownFileType = text.plist.xml; path = Info.plist; sourceTree = "<group>"; };
		79DEBED01CDB383F00D5BE15 /* 41_CoreData_DZ_Tests.xctest */ = {isa = PBXFileReference; explicitFileType = wrapper.cfbundle; includeInIndex = 0; path = 41_CoreData_DZ_Tests.xctest; sourceTree = BUILT_PRODUCTS_DIR; };
		79DEBED41CDB383F00D5BE15 /* _1_CoreData_DZ_Tests.m */ = {isa = PBXFileReference; lastKnownFileType = sourcecode.c.objc; path = _1_CoreData_DZ_Tests.m; sourceTree = "<group>"; };
		79DEBED61CDB383F00D5BE15 /* Info.plist */ = {isa = PBXFileReference; lastKnownFileType = text.plist.xml; path = Info.plist; sourceTree = "<group>"; };
		79DEBEDB1CDB383F00D5BE15 /* 41_CoreData_DZ_UITests.xctest */ = {isa = PBXFileReference; explicitFileType = wrapper.cfbundle; includeInIndex = 0; path = 41_CoreData_DZ_UITests.xctest; sourceTree = BUILT_PRODUCTS_DIR; };
		79DEBEDF1CDB383F00D5BE15 /* _1_CoreData_DZ_UITests.m */ = {isa = PBXFileReference; lastKnownFileType = sourcecode.c.objc; path = _1_CoreData_DZ_UITests.m; sourceTree = "<group>"; };
		79DEBEE11CDB383F00D5BE15 /* Info.plist */ = {isa = PBXFileReference; lastKnownFileType = text.plist.xml; path = Info.plist; sourceTree = "<group>"; };
		79DEBEEF1CDB3BAE00D5BE15 /* SiSStudent.h */ = {isa = PBXFileReference; fileEncoding = 4; lastKnownFileType = sourcecode.c.h; path = SiSStudent.h; sourceTree = "<group>"; };
		79DEBEF01CDB3BAE00D5BE15 /* SiSStudent.m */ = {isa = PBXFileReference; fileEncoding = 4; lastKnownFileType = sourcecode.c.objc; path = SiSStudent.m; sourceTree = "<group>"; };
		79DEBEF41CDB3C5800D5BE15 /* SiSDataManager.h */ = {isa = PBXFileReference; fileEncoding = 4; lastKnownFileType = sourcecode.c.h; path = SiSDataManager.h; sourceTree = "<group>"; };
		79DEBEF51CDB3C5800D5BE15 /* SiSDataManager.m */ = {isa = PBXFileReference; fileEncoding = 4; lastKnownFileType = sourcecode.c.objc; path = SiSDataManager.m; sourceTree = "<group>"; };
		79DEBEF71CDB418900D5BE15 /* SiSCoreDataViewController.h */ = {isa = PBXFileReference; fileEncoding = 4; lastKnownFileType = sourcecode.c.h; path = SiSCoreDataViewController.h; sourceTree = "<group>"; };
		79DEBEF81CDB418900D5BE15 /* SiSCoreDataViewController.m */ = {isa = PBXFileReference; fileEncoding = 4; lastKnownFileType = sourcecode.c.objc; path = SiSCoreDataViewController.m; sourceTree = "<group>"; };
		79DEBEFA1CDB4CCB00D5BE15 /* SiSStudentsViewController.h */ = {isa = PBXFileReference; fileEncoding = 4; lastKnownFileType = sourcecode.c.h; path = SiSStudentsViewController.h; sourceTree = "<group>"; };
		79DEBEFB1CDB4CCB00D5BE15 /* SiSStudentsViewController.m */ = {isa = PBXFileReference; fileEncoding = 4; lastKnownFileType = sourcecode.c.objc; path = SiSStudentsViewController.m; sourceTree = "<group>"; };
		79F01C9F1CDDE3D3008AAF2E /* SiSTeacher.h */ = {isa = PBXFileReference; fileEncoding = 4; lastKnownFileType = sourcecode.c.h; path = SiSTeacher.h; sourceTree = "<group>"; };
		79F01CA01CDDE3D3008AAF2E /* SiSTeacher.m */ = {isa = PBXFileReference; fileEncoding = 4; lastKnownFileType = sourcecode.c.objc; path = SiSTeacher.m; sourceTree = "<group>"; };
		79F01CA31CDDE3D3008AAF2E /* SiSCourse.h */ = {isa = PBXFileReference; fileEncoding = 4; lastKnownFileType = sourcecode.c.h; path = SiSCourse.h; sourceTree = "<group>"; };
		79F01CA41CDDE3D3008AAF2E /* SiSCourse.m */ = {isa = PBXFileReference; fileEncoding = 4; lastKnownFileType = sourcecode.c.objc; path = SiSCourse.m; sourceTree = "<group>"; };
		79F01CAB1CDDE431008AAF2E /* SiSObject.h */ = {isa = PBXFileReference; fileEncoding = 4; lastKnownFileType = sourcecode.c.h; path = SiSObject.h; sourceTree = "<group>"; };
		79F01CAC1CDDE431008AAF2E /* SiSObject.m */ = {isa = PBXFileReference; fileEncoding = 4; lastKnownFileType = sourcecode.c.objc; path = SiSObject.m; sourceTree = "<group>"; };
/* End PBXFileReference section */

/* Begin PBXFrameworksBuildPhase section */
		79DEBEB11CDB383F00D5BE15 /* Frameworks */ = {
			isa = PBXFrameworksBuildPhase;
			buildActionMask = 2147483647;
			files = (
			);
			runOnlyForDeploymentPostprocessing = 0;
		};
		79DEBECD1CDB383F00D5BE15 /* Frameworks */ = {
			isa = PBXFrameworksBuildPhase;
			buildActionMask = 2147483647;
			files = (
			);
			runOnlyForDeploymentPostprocessing = 0;
		};
		79DEBED81CDB383F00D5BE15 /* Frameworks */ = {
			isa = PBXFrameworksBuildPhase;
			buildActionMask = 2147483647;
			files = (
			);
			runOnlyForDeploymentPostprocessing = 0;
		};
/* End PBXFrameworksBuildPhase section */

/* Begin PBXGroup section */
		790F90EA1CE46B4F006A12CB /* Teacher */ = {
			isa = PBXGroup;
			children = (
				790F90EB1CE472CF006A12CB /* SiSTeacherViewController.h */,
				790F90EC1CE472CF006A12CB /* SiSTeacherViewController.m */,
				790F90E71CE46AED006A12CB /* SiSTeacherSelectionViewController.h */,
				791C7ED51CEDB14A00E538CE /* TEST.h */,
				791C7ED61CEDB14A00E538CE /* TEST.m */,
				790F90E81CE46AED006A12CB /* SiSTeacherSelectionViewController.m */,
			);
			name = Teacher;
			sourceTree = "<group>";
		};
		7922145C1CDD060D0051FFA9 /* Students */ = {
			isa = PBXGroup;
			children = (
				79DEBEFA1CDB4CCB00D5BE15 /* SiSStudentsViewController.h */,
				79DEBEFB1CDB4CCB00D5BE15 /* SiSStudentsViewController.m */,
				7922145D1CDD06A30051FFA9 /* SiSAddStudentViewController.h */,
				7922145E1CDD06A30051FFA9 /* SiSAddStudentViewController.m */,
				792498881CE320E300979B6C /* SiSStudentSelectionViewController.h */,
				792498891CE320E300979B6C /* SiSStudentSelectionViewController.m */,
			);
			name = Students;
			sourceTree = "<group>";
		};
		7926675A1CDC9E6000C4B80F /* Abstract Views */ = {
			isa = PBXGroup;
			children = (
				79DEBEF71CDB418900D5BE15 /* SiSCoreDataViewController.h */,
				79DEBEF81CDB418900D5BE15 /* SiSCoreDataViewController.m */,
				79211EE71CE1D2C40064CAC8 /* SiSDetailsTableViewController.h */,
				79211EE81CE1D2C40064CAC8 /* SiSDetailsTableViewController.m */,
			);
			name = "Abstract Views";
			sourceTree = "<group>";
		};
		797756051CDE001300016926 /* Courses */ = {
			isa = PBXGroup;
			children = (
				797756021CDE000E00016926 /* SiSCoursesViewController.h */,
				797756031CDE000E00016926 /* SiSCoursesViewController.m */,
				79211EE41CE1CB190064CAC8 /* SiSAddCourseViewController.h */,
				79211EE51CE1CB190064CAC8 /* SiSAddCourseViewController.m */,
			);
			name = Courses;
			sourceTree = "<group>";
		};
		79DEBEAB1CDB383F00D5BE15 = {
			isa = PBXGroup;
			children = (
				79DEBEB61CDB383F00D5BE15 /* 41_CoreData_DZ_ */,
				79DEBED31CDB383F00D5BE15 /* 41_CoreData_DZ_Tests */,
				79DEBEDE1CDB383F00D5BE15 /* 41_CoreData_DZ_UITests */,
				79DEBEB51CDB383F00D5BE15 /* Products */,
				7921035B1CDE462100D12402 /* Report Card-30.png */,
				7921035C1CDE462100D12402 /* School Director-30.png */,
				7921035D1CDE462100D12402 /* Student Male-30.png */,
				7921035E1CDE462100D12402 /* Training-30.png */,
			);
			sourceTree = "<group>";
		};
		79DEBEB51CDB383F00D5BE15 /* Products */ = {
			isa = PBXGroup;
			children = (
				79DEBEB41CDB383F00D5BE15 /* 41_CoreData_DZ_.app */,
				79DEBED01CDB383F00D5BE15 /* 41_CoreData_DZ_Tests.xctest */,
				79DEBEDB1CDB383F00D5BE15 /* 41_CoreData_DZ_UITests.xctest */,
			);
			name = Products;
			sourceTree = "<group>";
		};
		79DEBEB61CDB383F00D5BE15 /* 41_CoreData_DZ_ */ = {
			isa = PBXGroup;
			children = (
				79DEBEF41CDB3C5800D5BE15 /* SiSDataManager.h */,
				79DEBEF51CDB3C5800D5BE15 /* SiSDataManager.m */,
				7926675A1CDC9E6000C4B80F /* Abstract Views */,
				79DEBEF31CDB3BB100D5BE15 /* Models */,
				79DEBEBA1CDB383F00D5BE15 /* AppDelegate.h */,
				79DEBEBB1CDB383F00D5BE15 /* AppDelegate.m */,
				797756051CDE001300016926 /* Courses */,
				7922145C1CDD060D0051FFA9 /* Students */,
				790F90EA1CE46B4F006A12CB /* Teacher */,
				79DEBEC01CDB383F00D5BE15 /* Main.storyboard */,
				79DEBEC61CDB383F00D5BE15 /* Assets.xcassets */,
				79DEBEC81CDB383F00D5BE15 /* LaunchScreen.storyboard */,
				79DEBECB1CDB383F00D5BE15 /* Info.plist */,
				79DEBEC31CDB383F00D5BE15 /* _1_CoreData_DZ_.xcdatamodeld */,
				79DEBEB71CDB383F00D5BE15 /* Supporting Files */,
			);
			path = 41_CoreData_DZ_;
			sourceTree = "<group>";
		};
		79DEBEB71CDB383F00D5BE15 /* Supporting Files */ = {
			isa = PBXGroup;
			children = (
				79DEBEB81CDB383F00D5BE15 /* main.m */,
			);
			name = "Supporting Files";
			sourceTree = "<group>";
		};
		79DEBED31CDB383F00D5BE15 /* 41_CoreData_DZ_Tests */ = {
			isa = PBXGroup;
			children = (
				79DEBED41CDB383F00D5BE15 /* _1_CoreData_DZ_Tests.m */,
				79DEBED61CDB383F00D5BE15 /* Info.plist */,
			);
			path = 41_CoreData_DZ_Tests;
			sourceTree = "<group>";
		};
		79DEBEDE1CDB383F00D5BE15 /* 41_CoreData_DZ_UITests */ = {
			isa = PBXGroup;
			children = (
				79DEBEDF1CDB383F00D5BE15 /* _1_CoreData_DZ_UITests.m */,
				79DEBEE11CDB383F00D5BE15 /* Info.plist */,
			);
			path = 41_CoreData_DZ_UITests;
			sourceTree = "<group>";
		};
		79DEBEF31CDB3BB100D5BE15 /* Models */ = {
			isa = PBXGroup;
			children = (
				79DEBEEF1CDB3BAE00D5BE15 /* SiSStudent.h */,
				79DEBEF01CDB3BAE00D5BE15 /* SiSStudent.m */,
				79F01C9F1CDDE3D3008AAF2E /* SiSTeacher.h */,
				79F01CA01CDDE3D3008AAF2E /* SiSTeacher.m */,
				79F01CA31CDDE3D3008AAF2E /* SiSCourse.h */,
				79F01CA41CDDE3D3008AAF2E /* SiSCourse.m */,
				79F01CAB1CDDE431008AAF2E /* SiSObject.h */,
				79F01CAC1CDDE431008AAF2E /* SiSObject.m */,
				7938A01D1CE4A2CC00674178 /* SiSCourse+CoreDataProperties.h */,
				7938A01E1CE4A2CC00674178 /* SiSCourse+CoreDataProperties.m */,
				7938A01F1CE4A2CC00674178 /* SiSStudent+CoreDataProperties.h */,
				7938A0201CE4A2CC00674178 /* SiSStudent+CoreDataProperties.m */,
				7938A0211CE4A2CC00674178 /* SiSTeacher+CoreDataProperties.h */,
				7938A0221CE4A2CC00674178 /* SiSTeacher+CoreDataProperties.m */,
				7938A0261CE4A2E700674178 /* SiSObject+CoreDataProperties.h */,
				7938A0271CE4A2E700674178 /* SiSObject+CoreDataProperties.m */,
			);
			name = Models;
			sourceTree = "<group>";
		};
/* End PBXGroup section */

/* Begin PBXNativeTarget section */
		79DEBEB31CDB383F00D5BE15 /* 41_CoreData_DZ_ */ = {
			isa = PBXNativeTarget;
			buildConfigurationList = 79DEBEE41CDB383F00D5BE15 /* Build configuration list for PBXNativeTarget "41_CoreData_DZ_" */;
			buildPhases = (
				79DEBEB01CDB383F00D5BE15 /* Sources */,
				79DEBEB11CDB383F00D5BE15 /* Frameworks */,
				79DEBEB21CDB383F00D5BE15 /* Resources */,
			);
			buildRules = (
			);
			dependencies = (
			);
			name = 41_CoreData_DZ_;
			productName = 41_CoreData_DZ_;
			productReference = 79DEBEB41CDB383F00D5BE15 /* 41_CoreData_DZ_.app */;
			productType = "com.apple.product-type.application";
		};
		79DEBECF1CDB383F00D5BE15 /* 41_CoreData_DZ_Tests */ = {
			isa = PBXNativeTarget;
			buildConfigurationList = 79DEBEE71CDB383F00D5BE15 /* Build configuration list for PBXNativeTarget "41_CoreData_DZ_Tests" */;
			buildPhases = (
				79DEBECC1CDB383F00D5BE15 /* Sources */,
				79DEBECD1CDB383F00D5BE15 /* Frameworks */,
				79DEBECE1CDB383F00D5BE15 /* Resources */,
			);
			buildRules = (
			);
			dependencies = (
				79DEBED21CDB383F00D5BE15 /* PBXTargetDependency */,
			);
			name = 41_CoreData_DZ_Tests;
			productName = 41_CoreData_DZ_Tests;
			productReference = 79DEBED01CDB383F00D5BE15 /* 41_CoreData_DZ_Tests.xctest */;
			productType = "com.apple.product-type.bundle.unit-test";
		};
		79DEBEDA1CDB383F00D5BE15 /* 41_CoreData_DZ_UITests */ = {
			isa = PBXNativeTarget;
			buildConfigurationList = 79DEBEEA1CDB383F00D5BE15 /* Build configuration list for PBXNativeTarget "41_CoreData_DZ_UITests" */;
			buildPhases = (
				79DEBED71CDB383F00D5BE15 /* Sources */,
				79DEBED81CDB383F00D5BE15 /* Frameworks */,
				79DEBED91CDB383F00D5BE15 /* Resources */,
			);
			buildRules = (
			);
			dependencies = (
				79DEBEDD1CDB383F00D5BE15 /* PBXTargetDependency */,
			);
			name = 41_CoreData_DZ_UITests;
			productName = 41_CoreData_DZ_UITests;
			productReference = 79DEBEDB1CDB383F00D5BE15 /* 41_CoreData_DZ_UITests.xctest */;
			productType = "com.apple.product-type.bundle.ui-testing";
		};
/* End PBXNativeTarget section */

/* Begin PBXProject section */
		79DEBEAC1CDB383F00D5BE15 /* Project object */ = {
			isa = PBXProject;
			attributes = {
				LastUpgradeCheck = 0720;
				ORGANIZATIONNAME = Stas;
				TargetAttributes = {
					79DEBEB31CDB383F00D5BE15 = {
						CreatedOnToolsVersion = 7.2;
						DevelopmentTeam = 3PTYV272Z4;
					};
					79DEBECF1CDB383F00D5BE15 = {
						CreatedOnToolsVersion = 7.2;
						DevelopmentTeam = 3PTYV272Z4;
						TestTargetID = 79DEBEB31CDB383F00D5BE15;
					};
					79DEBEDA1CDB383F00D5BE15 = {
						CreatedOnToolsVersion = 7.2;
						DevelopmentTeam = 3PTYV272Z4;
						TestTargetID = 79DEBEB31CDB383F00D5BE15;
					};
				};
			};
			buildConfigurationList = 79DEBEAF1CDB383F00D5BE15 /* Build configuration list for PBXProject "41_CoreData_DZ_" */;
			compatibilityVersion = "Xcode 3.2";
			developmentRegion = English;
			hasScannedForEncodings = 0;
			knownRegions = (
				en,
				Base,
			);
			mainGroup = 79DEBEAB1CDB383F00D5BE15;
			productRefGroup = 79DEBEB51CDB383F00D5BE15 /* Products */;
			projectDirPath = "";
			projectRoot = "";
			targets = (
				79DEBEB31CDB383F00D5BE15 /* 41_CoreData_DZ_ */,
				79DEBECF1CDB383F00D5BE15 /* 41_CoreData_DZ_Tests */,
				79DEBEDA1CDB383F00D5BE15 /* 41_CoreData_DZ_UITests */,
			);
		};
/* End PBXProject section */

/* Begin PBXResourcesBuildPhase section */
		79DEBEB21CDB383F00D5BE15 /* Resources */ = {
			isa = PBXResourcesBuildPhase;
			buildActionMask = 2147483647;
			files = (
				792103621CDE462100D12402 /* Training-30.png in Resources */,
				79DEBECA1CDB383F00D5BE15 /* LaunchScreen.storyboard in Resources */,
				79DEBEC71CDB383F00D5BE15 /* Assets.xcassets in Resources */,
				79DEBEC21CDB383F00D5BE15 /* Main.storyboard in Resources */,
				7921035F1CDE462100D12402 /* Report Card-30.png in Resources */,
				792103611CDE462100D12402 /* Student Male-30.png in Resources */,
				792103601CDE462100D12402 /* School Director-30.png in Resources */,
			);
			runOnlyForDeploymentPostprocessing = 0;
		};
		79DEBECE1CDB383F00D5BE15 /* Resources */ = {
			isa = PBXResourcesBuildPhase;
			buildActionMask = 2147483647;
			files = (
			);
			runOnlyForDeploymentPostprocessing = 0;
		};
		79DEBED91CDB383F00D5BE15 /* Resources */ = {
			isa = PBXResourcesBuildPhase;
			buildActionMask = 2147483647;
			files = (
			);
			runOnlyForDeploymentPostprocessing = 0;
		};
/* End PBXResourcesBuildPhase section */

/* Begin PBXSourcesBuildPhase section */
		79DEBEB01CDB383F00D5BE15 /* Sources */ = {
			isa = PBXSourcesBuildPhase;
			buildActionMask = 2147483647;
			files = (
				7922145F1CDD06A30051FFA9 /* SiSAddStudentViewController.m in Sources */,
				790F90ED1CE472CF006A12CB /* SiSTeacherViewController.m in Sources */,
				79F01CA81CDDE3D3008AAF2E /* SiSCourse.m in Sources */,
				79DEBEFC1CDB4CCB00D5BE15 /* SiSStudentsViewController.m in Sources */,
				79DEBEF91CDB418900D5BE15 /* SiSCoreDataViewController.m in Sources */,
				790F90E91CE46AED006A12CB /* SiSTeacherSelectionViewController.m in Sources */,
				797756041CDE000E00016926 /* SiSCoursesViewController.m in Sources */,
				79F01CAE1CDDE431008AAF2E /* SiSObject.m in Sources */,
				79211EE61CE1CB190064CAC8 /* SiSAddCourseViewController.m in Sources */,
				7924988A1CE320E300979B6C /* SiSStudentSelectionViewController.m in Sources */,
				7938A0231CE4A2CC00674178 /* SiSCourse+CoreDataProperties.m in Sources */,
				79211EE91CE1D2C40064CAC8 /* SiSDetailsTableViewController.m in Sources */,
				7938A0251CE4A2CC00674178 /* SiSTeacher+CoreDataProperties.m in Sources */,
				7938A0281CE4A2E700674178 /* SiSObject+CoreDataProperties.m in Sources */,
				7938A0241CE4A2CC00674178 /* SiSStudent+CoreDataProperties.m in Sources */,
				79DEBEF61CDB3C5800D5BE15 /* SiSDataManager.m in Sources */,
				79DEBEBC1CDB383F00D5BE15 /* AppDelegate.m in Sources */,
				791C7ED71CEDB14A00E538CE /* TEST.m in Sources */,
				79DEBEC51CDB383F00D5BE15 /* _1_CoreData_DZ_.xcdatamodeld in Sources */,
				79F01CA61CDDE3D3008AAF2E /* SiSTeacher.m in Sources */,
				79DEBEB91CDB383F00D5BE15 /* main.m in Sources */,
				79DEBEF21CDB3BAE00D5BE15 /* SiSStudent.m in Sources */,
			);
			runOnlyForDeploymentPostprocessing = 0;
		};
		79DEBECC1CDB383F00D5BE15 /* Sources */ = {
			isa = PBXSourcesBuildPhase;
			buildActionMask = 2147483647;
			files = (
				79DEBED51CDB383F00D5BE15 /* _1_CoreData_DZ_Tests.m in Sources */,
			);
			runOnlyForDeploymentPostprocessing = 0;
		};
		79DEBED71CDB383F00D5BE15 /* Sources */ = {
			isa = PBXSourcesBuildPhase;
			buildActionMask = 2147483647;
			files = (
				79DEBEE01CDB383F00D5BE15 /* _1_CoreData_DZ_UITests.m in Sources */,
			);
			runOnlyForDeploymentPostprocessing = 0;
		};
/* End PBXSourcesBuildPhase section */

/* Begin PBXTargetDependency section */
		79DEBED21CDB383F00D5BE15 /* PBXTargetDependency */ = {
			isa = PBXTargetDependency;
			target = 79DEBEB31CDB383F00D5BE15 /* 41_CoreData_DZ_ */;
			targetProxy = 79DEBED11CDB383F00D5BE15 /* PBXContainerItemProxy */;
		};
		79DEBEDD1CDB383F00D5BE15 /* PBXTargetDependency */ = {
			isa = PBXTargetDependency;
			target = 79DEBEB31CDB383F00D5BE15 /* 41_CoreData_DZ_ */;
			targetProxy = 79DEBEDC1CDB383F00D5BE15 /* PBXContainerItemProxy */;
		};
/* End PBXTargetDependency section */

/* Begin PBXVariantGroup section */
		79DEBEC01CDB383F00D5BE15 /* Main.storyboard */ = {
			isa = PBXVariantGroup;
			children = (
				79DEBEC11CDB383F00D5BE15 /* Base */,
			);
			name = Main.storyboard;
			sourceTree = "<group>";
		};
		79DEBEC81CDB383F00D5BE15 /* LaunchScreen.storyboard */ = {
			isa = PBXVariantGroup;
			children = (
				79DEBEC91CDB383F00D5BE15 /* Base */,
			);
			name = LaunchScreen.storyboard;
			sourceTree = "<group>";
		};
/* End PBXVariantGroup section */

/* Begin XCBuildConfiguration section */
		79DEBEE21CDB383F00D5BE15 /* Debug */ = {
			isa = XCBuildConfiguration;
			buildSettings = {
				ALWAYS_SEARCH_USER_PATHS = NO;
				CLANG_CXX_LANGUAGE_STANDARD = "gnu++0x";
				CLANG_CXX_LIBRARY = "libc++";
				CLANG_ENABLE_MODULES = YES;
				CLANG_ENABLE_OBJC_ARC = YES;
				CLANG_WARN_BOOL_CONVERSION = YES;
				CLANG_WARN_CONSTANT_CONVERSION = YES;
				CLANG_WARN_DIRECT_OBJC_ISA_USAGE = YES_ERROR;
				CLANG_WARN_EMPTY_BODY = YES;
				CLANG_WARN_ENUM_CONVERSION = YES;
				CLANG_WARN_INT_CONVERSION = YES;
				CLANG_WARN_OBJC_ROOT_CLASS = YES_ERROR;
				CLANG_WARN_UNREACHABLE_CODE = YES;
				CLANG_WARN__DUPLICATE_METHOD_MATCH = YES;
				"CODE_SIGN_IDENTITY[sdk=iphoneos*]" = "iPhone Developer";
				COPY_PHASE_STRIP = NO;
				DEBUG_INFORMATION_FORMAT = dwarf;
				ENABLE_STRICT_OBJC_MSGSEND = YES;
				ENABLE_TESTABILITY = YES;
				GCC_C_LANGUAGE_STANDARD = gnu99;
				GCC_DYNAMIC_NO_PIC = NO;
				GCC_NO_COMMON_BLOCKS = YES;
				GCC_OPTIMIZATION_LEVEL = 0;
				GCC_PREPROCESSOR_DEFINITIONS = (
					"DEBUG=1",
					"$(inherited)",
				);
				GCC_WARN_64_TO_32_BIT_CONVERSION = YES;
				GCC_WARN_ABOUT_RETURN_TYPE = YES_ERROR;
				GCC_WARN_UNDECLARED_SELECTOR = YES;
				GCC_WARN_UNINITIALIZED_AUTOS = YES_AGGRESSIVE;
				GCC_WARN_UNUSED_FUNCTION = YES;
				GCC_WARN_UNUSED_VARIABLE = YES;
				IPHONEOS_DEPLOYMENT_TARGET = 9.2;
				MTL_ENABLE_DEBUG_INFO = YES;
				ONLY_ACTIVE_ARCH = YES;
				SDKROOT = iphoneos;
				TARGETED_DEVICE_FAMILY = "1,2";
			};
			name = Debug;
		};
		79DEBEE31CDB383F00D5BE15 /* Release */ = {
			isa = XCBuildConfiguration;
			buildSettings = {
				ALWAYS_SEARCH_USER_PATHS = NO;
				CLANG_CXX_LANGUAGE_STANDARD = "gnu++0x";
				CLANG_CXX_LIBRARY = "libc++";
				CLANG_ENABLE_MODULES = YES;
				CLANG_ENABLE_OBJC_ARC = YES;
				CLANG_WARN_BOOL_CONVERSION = YES;
				CLANG_WARN_CONSTANT_CONVERSION = YES;
				CLANG_WARN_DIRECT_OBJC_ISA_USAGE = YES_ERROR;
				CLANG_WARN_EMPTY_BODY = YES;
				CLANG_WARN_ENUM_CONVERSION = YES;
				CLANG_WARN_INT_CONVERSION = YES;
				CLANG_WARN_OBJC_ROOT_CLASS = YES_ERROR;
				CLANG_WARN_UNREACHABLE_CODE = YES;
				CLANG_WARN__DUPLICATE_METHOD_MATCH = YES;
				"CODE_SIGN_IDENTITY[sdk=iphoneos*]" = "iPhone Developer";
				COPY_PHASE_STRIP = NO;
				DEBUG_INFORMATION_FORMAT = "dwarf-with-dsym";
				ENABLE_NS_ASSERTIONS = NO;
				ENABLE_STRICT_OBJC_MSGSEND = YES;
				GCC_C_LANGUAGE_STANDARD = gnu99;
				GCC_NO_COMMON_BLOCKS = YES;
				GCC_WARN_64_TO_32_BIT_CONVERSION = YES;
				GCC_WARN_ABOUT_RETURN_TYPE = YES_ERROR;
				GCC_WARN_UNDECLARED_SELECTOR = YES;
				GCC_WARN_UNINITIALIZED_AUTOS = YES_AGGRESSIVE;
				GCC_WARN_UNUSED_FUNCTION = YES;
				GCC_WARN_UNUSED_VARIABLE = YES;
				IPHONEOS_DEPLOYMENT_TARGET = 9.2;
				MTL_ENABLE_DEBUG_INFO = NO;
				SDKROOT = iphoneos;
				TARGETED_DEVICE_FAMILY = "1,2";
				VALIDATE_PRODUCT = YES;
			};
			name = Release;
		};
		79DEBEE51CDB383F00D5BE15 /* Debug */ = {
			isa = XCBuildConfiguration;
			buildSettings = {
				ASSETCATALOG_COMPILER_APPICON_NAME = AppIcon;
				INFOPLIST_FILE = 41_CoreData_DZ_/Info.plist;
				LD_RUNPATH_SEARCH_PATHS = "$(inherited) @executable_path/Frameworks";
				PRODUCT_BUNDLE_IDENTIFIER = "Stnislav-Shiyanovskiy.-1-CoreData-DZ-";
				PRODUCT_NAME = "$(TARGET_NAME)";
			};
			name = Debug;
		};
		79DEBEE61CDB383F00D5BE15 /* Release */ = {
			isa = XCBuildConfiguration;
			buildSettings = {
				ASSETCATALOG_COMPILER_APPICON_NAME = AppIcon;
				INFOPLIST_FILE = 41_CoreData_DZ_/Info.plist;
				LD_RUNPATH_SEARCH_PATHS = "$(inherited) @executable_path/Frameworks";
				PRODUCT_BUNDLE_IDENTIFIER = "Stnislav-Shiyanovskiy.-1-CoreData-DZ-";
				PRODUCT_NAME = "$(TARGET_NAME)";
			};
			name = Release;
		};
		79DEBEE81CDB383F00D5BE15 /* Debug */ = {
			isa = XCBuildConfiguration;
			buildSettings = {
				BUNDLE_LOADER = "$(TEST_HOST)";
				INFOPLIST_FILE = 41_CoreData_DZ_Tests/Info.plist;
				LD_RUNPATH_SEARCH_PATHS = "$(inherited) @executable_path/Frameworks @loader_path/Frameworks";
				PRODUCT_BUNDLE_IDENTIFIER = "Stnislav-Shiyanovskiy.-1-CoreData-DZ-Tests";
				PRODUCT_NAME = "$(TARGET_NAME)";
				TEST_HOST = "$(BUILT_PRODUCTS_DIR)/41_CoreData_DZ_.app/41_CoreData_DZ_";
			};
			name = Debug;
		};
		79DEBEE91CDB383F00D5BE15 /* Release */ = {
			isa = XCBuildConfiguration;
			buildSettings = {
				BUNDLE_LOADER = "$(TEST_HOST)";
				INFOPLIST_FILE = 41_CoreData_DZ_Tests/Info.plist;
				LD_RUNPATH_SEARCH_PATHS = "$(inherited) @executable_path/Frameworks @loader_path/Frameworks";
				PRODUCT_BUNDLE_IDENTIFIER = "Stnislav-Shiyanovskiy.-1-CoreData-DZ-Tests";
				PRODUCT_NAME = "$(TARGET_NAME)";
				TEST_HOST = "$(BUILT_PRODUCTS_DIR)/41_CoreData_DZ_.app/41_CoreData_DZ_";
			};
			name = Release;
		};
		79DEBEEB1CDB383F00D5BE15 /* Debug */ = {
			isa = XCBuildConfiguration;
			buildSettings = {
				INFOPLIST_FILE = 41_CoreData_DZ_UITests/Info.plist;
				LD_RUNPATH_SEARCH_PATHS = "$(inherited) @executable_path/Frameworks @loader_path/Frameworks";
				PRODUCT_BUNDLE_IDENTIFIER = "Stnislav-Shiyanovskiy.-1-CoreData-DZ-UITests";
				PRODUCT_NAME = "$(TARGET_NAME)";
				TEST_TARGET_NAME = 41_CoreData_DZ_;
				USES_XCTRUNNER = YES;
			};
			name = Debug;
		};
		79DEBEEC1CDB383F00D5BE15 /* Release */ = {
			isa = XCBuildConfiguration;
			buildSettings = {
				INFOPLIST_FILE = 41_CoreData_DZ_UITests/Info.plist;
				LD_RUNPATH_SEARCH_PATHS = "$(inherited) @executable_path/Frameworks @loader_path/Frameworks";
				PRODUCT_BUNDLE_IDENTIFIER = "Stnislav-Shiyanovskiy.-1-CoreData-DZ-UITests";
				PRODUCT_NAME = "$(TARGET_NAME)";
				TEST_TARGET_NAME = 41_CoreData_DZ_;
				USES_XCTRUNNER = YES;
			};
			name = Release;
		};
/* End XCBuildConfiguration section */

/* Begin XCConfigurationList section */
		79DEBEAF1CDB383F00D5BE15 /* Build configuration list for PBXProject "41_CoreData_DZ_" */ = {
			isa = XCConfigurationList;
			buildConfigurations = (
				79DEBEE21CDB383F00D5BE15 /* Debug */,
				79DEBEE31CDB383F00D5BE15 /* Release */,
			);
			defaultConfigurationIsVisible = 0;
			defaultConfigurationName = Release;
		};
		79DEBEE41CDB383F00D5BE15 /* Build configuration list for PBXNativeTarget "41_CoreData_DZ_" */ = {
			isa = XCConfigurationList;
			buildConfigurations = (
				79DEBEE51CDB383F00D5BE15 /* Debug */,
				79DEBEE61CDB383F00D5BE15 /* Release */,
			);
			defaultConfigurationIsVisible = 0;
			defaultConfigurationName = Release;
		};
		79DEBEE71CDB383F00D5BE15 /* Build configuration list for PBXNativeTarget "41_CoreData_DZ_Tests" */ = {
			isa = XCConfigurationList;
			buildConfigurations = (
				79DEBEE81CDB383F00D5BE15 /* Debug */,
				79DEBEE91CDB383F00D5BE15 /* Release */,
			);
			defaultConfigurationIsVisible = 0;
			defaultConfigurationName = Release;
		};
		79DEBEEA1CDB383F00D5BE15 /* Build configuration list for PBXNativeTarget "41_CoreData_DZ_UITests" */ = {
			isa = XCConfigurationList;
			buildConfigurations = (
				79DEBEEB1CDB383F00D5BE15 /* Debug */,
				79DEBEEC1CDB383F00D5BE15 /* Release */,
			);
			defaultConfigurationIsVisible = 0;
			defaultConfigurationName = Release;
		};
/* End XCConfigurationList section */

/* Begin XCVersionGroup section */
		79DEBEC31CDB383F00D5BE15 /* _1_CoreData_DZ_.xcdatamodeld */ = {
			isa = XCVersionGroup;
			children = (
				79DEBEC41CDB383F00D5BE15 /* _1_CoreData_DZ_.xcdatamodel */,
			);
			currentVersion = 79DEBEC41CDB383F00D5BE15 /* _1_CoreData_DZ_.xcdatamodel */;
			path = _1_CoreData_DZ_.xcdatamodeld;
			sourceTree = "<group>";
			versionGroupType = wrapper.xcdatamodel;
		};
/* End XCVersionGroup section */
	};
	rootObject = 79DEBEAC1CDB383F00D5BE15 /* Project object */;
}
